
Microsoft Visual Studio Solution File, Format Version 12.00
# Visual Studio 15
VisualStudioVersion = 15.0.28010.2003
MinimumVisualStudioVersion = 10.0.40219.1
Project("{9A19103F-16F7-4668-BE54-9A1E7A4F7556}") = "Customers.Application", "Payment.CustomersService\Customers.Application\Customers.Application.csproj", "{A5158FEE-FB29-4DF4-AFCE-04108E09AA82}"
EndProject
Project("{9A19103F-16F7-4668-BE54-9A1E7A4F7556}") = "Customers.Domain", "Payment.CustomersService\Customers.Domain\Customers.Domain.csproj", "{8DF1DBA6-3FFD-4A53-A395-744E4C2A9E28}"
EndProject
Project("{9A19103F-16F7-4668-BE54-9A1E7A4F7556}") = "Customers.Infrastructure", "Payment.CustomersService\Customers.Infrastructure\Customers.Infrastructure.csproj", "{E30FD399-AFB3-476D-BDE0-BFBD4DC5D9C7}"
EndProject
Project("{9A19103F-16F7-4668-BE54-9A1E7A4F7556}") = "Customers.Messages", "Payment.CustomersService\Customers.Messages\Customers.Messages.csproj", "{226712B3-B92C-49AC-8456-95321B7A2076}"
EndProject
Project("{9A19103F-16F7-4668-BE54-9A1E7A4F7556}") = "Customers.NSBEndpoint", "Payment.CustomersService\Customers.NSB.Endpoint\Customers.NSBEndpoint.csproj", "{3F42A01D-6DCB-4965-8650-7D911413490D}"
EndProject
Project("{9A19103F-16F7-4668-BE54-9A1E7A4F7556}") = "UpgFisi.Common", "UpgFisi.Common\UpgFisi.Common\UpgFisi.Common.csproj", "{D33EEEC4-8A63-453C-943C-93164FAFD424}"
EndProject
Project("{9A19103F-16F7-4668-BE54-9A1E7A4F7556}") = "CreditCards.Application", "Payment.CreditCardService\CreditCard.Application\CreditCards.Application.csproj", "{3D19B74B-8624-404B-8DE8-AC6B317E0FF1}"
EndProject
Project("{9A19103F-16F7-4668-BE54-9A1E7A4F7556}") = "CreditCards.Domain", "Payment.CreditCardService\CreditCard.Domain\CreditCards.Domain.csproj", "{97012E98-388B-4A0E-B42F-FD8EBFE62F16}"
EndProject
Project("{9A19103F-16F7-4668-BE54-9A1E7A4F7556}") = "CreditCards.Infrastructure", "Payment.CreditCardService\CreditCard.Infrastructure\CreditCards.Infrastructure.csproj", "{4A849AC1-E6CF-4E09-A4D6-94DB4FC297F3}"
EndProject
Project("{9A19103F-16F7-4668-BE54-9A1E7A4F7556}") = "CreditCards.Messages", "Payment.CreditCardService\CreditCard.Messages\CreditCards.Messages.csproj", "{6C1EB128-4CCB-4A86-B34F-7CAAFF352E12}"
EndProject
Project("{9A19103F-16F7-4668-BE54-9A1E7A4F7556}") = "CreditCards.NSBEndpoint", "Payment.CreditCardService\CreditCard.NSBEndpoint\CreditCards.NSBEndpoint.csproj", "{739CB456-8278-42A7-94C7-0DCB964AB691}"
EndProject
Global
	GlobalSection(SolutionConfigurationPlatforms) = preSolution
		Debug|Any CPU = Debug|Any CPU
		Release|Any CPU = Release|Any CPU
	EndGlobalSection
	GlobalSection(ProjectConfigurationPlatforms) = postSolution
		{A5158FEE-FB29-4DF4-AFCE-04108E09AA82}.Debug|Any CPU.ActiveCfg = Debug|Any CPU
		{A5158FEE-FB29-4DF4-AFCE-04108E09AA82}.Debug|Any CPU.Build.0 = Debug|Any CPU
		{A5158FEE-FB29-4DF4-AFCE-04108E09AA82}.Release|Any CPU.ActiveCfg = Release|Any CPU
		{A5158FEE-FB29-4DF4-AFCE-04108E09AA82}.Release|Any CPU.Build.0 = Release|Any CPU
		{8DF1DBA6-3FFD-4A53-A395-744E4C2A9E28}.Debug|Any CPU.ActiveCfg = Debug|Any CPU
		{8DF1DBA6-3FFD-4A53-A395-744E4C2A9E28}.Debug|Any CPU.Build.0 = Debug|Any CPU
		{8DF1DBA6-3FFD-4A53-A395-744E4C2A9E28}.Release|Any CPU.ActiveCfg = Release|Any CPU
		{8DF1DBA6-3FFD-4A53-A395-744E4C2A9E28}.Release|Any CPU.Build.0 = Release|Any CPU
		{E30FD399-AFB3-476D-BDE0-BFBD4DC5D9C7}.Debug|Any CPU.ActiveCfg = Debug|Any CPU
		{E30FD399-AFB3-476D-BDE0-BFBD4DC5D9C7}.Debug|Any CPU.Build.0 = Debug|Any CPU
		{E30FD399-AFB3-476D-BDE0-BFBD4DC5D9C7}.Release|Any CPU.ActiveCfg = Release|Any CPU
		{E30FD399-AFB3-476D-BDE0-BFBD4DC5D9C7}.Release|Any CPU.Build.0 = Release|Any CPU
		{226712B3-B92C-49AC-8456-95321B7A2076}.Debug|Any CPU.ActiveCfg = Debug|Any CPU
		{226712B3-B92C-49AC-8456-95321B7A2076}.Debug|Any CPU.Build.0 = Debug|Any CPU
		{226712B3-B92C-49AC-8456-95321B7A2076}.Release|Any CPU.ActiveCfg = Release|Any CPU
		{226712B3-B92C-49AC-8456-95321B7A2076}.Release|Any CPU.Build.0 = Release|Any CPU
		{3F42A01D-6DCB-4965-8650-7D911413490D}.Debug|Any CPU.ActiveCfg = Debug|Any CPU
		{3F42A01D-6DCB-4965-8650-7D911413490D}.Debug|Any CPU.Build.0 = Debug|Any CPU
		{3F42A01D-6DCB-4965-8650-7D911413490D}.Release|Any CPU.ActiveCfg = Release|Any CPU
		{3F42A01D-6DCB-4965-8650-7D911413490D}.Release|Any CPU.Build.0 = Release|Any CPU
		{D33EEEC4-8A63-453C-943C-93164FAFD424}.Debug|Any CPU.ActiveCfg = Debug|Any CPU
		{D33EEEC4-8A63-453C-943C-93164FAFD424}.Debug|Any CPU.Build.0 = Debug|Any CPU
		{D33EEEC4-8A63-453C-943C-93164FAFD424}.Release|Any CPU.ActiveCfg = Release|Any CPU
		{D33EEEC4-8A63-453C-943C-93164FAFD424}.Release|Any CPU.Build.0 = Release|Any CPU
		{3D19B74B-8624-404B-8DE8-AC6B317E0FF1}.Debug|Any CPU.ActiveCfg = Debug|Any CPU
		{3D19B74B-8624-404B-8DE8-AC6B317E0FF1}.Debug|Any CPU.Build.0 = Debug|Any CPU
		{3D19B74B-8624-404B-8DE8-AC6B317E0FF1}.Release|Any CPU.ActiveCfg = Release|Any CPU
		{3D19B74B-8624-404B-8DE8-AC6B317E0FF1}.Release|Any CPU.Build.0 = Release|Any CPU
		{97012E98-388B-4A0E-B42F-FD8EBFE62F16}.Debug|Any CPU.ActiveCfg = Debug|Any CPU
		{97012E98-388B-4A0E-B42F-FD8EBFE62F16}.Debug|Any CPU.Build.0 = Debug|Any CPU
		{97012E98-388B-4A0E-B42F-FD8EBFE62F16}.Release|Any CPU.ActiveCfg = Release|Any CPU
		{97012E98-388B-4A0E-B42F-FD8EBFE62F16}.Release|Any CPU.Build.0 = Release|Any CPU
		{4A849AC1-E6CF-4E09-A4D6-94DB4FC297F3}.Debug|Any CPU.ActiveCfg = Debug|Any CPU
		{4A849AC1-E6CF-4E09-A4D6-94DB4FC297F3}.Debug|Any CPU.Build.0 = Debug|Any CPU
		{4A849AC1-E6CF-4E09-A4D6-94DB4FC297F3}.Release|Any CPU.ActiveCfg = Release|Any CPU
		{4A849AC1-E6CF-4E09-A4D6-94DB4FC297F3}.Release|Any CPU.Build.0 = Release|Any CPU
		{6C1EB128-4CCB-4A86-B34F-7CAAFF352E12}.Debug|Any CPU.ActiveCfg = Debug|Any CPU
		{6C1EB128-4CCB-4A86-B34F-7CAAFF352E12}.Debug|Any CPU.Build.0 = Debug|Any CPU
		{6C1EB128-4CCB-4A86-B34F-7CAAFF352E12}.Release|Any CPU.ActiveCfg = Release|Any CPU
		{6C1EB128-4CCB-4A86-B34F-7CAAFF352E12}.Release|Any CPU.Build.0 = Release|Any CPU
		{739CB456-8278-42A7-94C7-0DCB964AB691}.Debug|Any CPU.ActiveCfg = Debug|Any CPU
		{739CB456-8278-42A7-94C7-0DCB964AB691}.Debug|Any CPU.Build.0 = Debug|Any CPU
		{739CB456-8278-42A7-94C7-0DCB964AB691}.Release|Any CPU.ActiveCfg = Release|Any CPU
		{739CB456-8278-42A7-94C7-0DCB964AB691}.Release|Any CPU.Build.0 = Release|Any CPU
	EndGlobalSection
	GlobalSection(SolutionProperties) = preSolution
		HideSolutionNode = FALSE
	EndGlobalSection
	GlobalSection(ExtensibilityGlobals) = postSolution
		SolutionGuid = {6E4E1EDC-D1BA-46FE-8FA7-042A3F3DD7DB}
	EndGlobalSection
EndGlobal
